
Microsoft Visual Studio Solution File, Format Version 12.00
# Visual Studio Version 17
VisualStudioVersion = 17.8.34330.188
MinimumVisualStudioVersion = 10.0.40219.1
Project("{FAE04EC0-301F-11D3-BF4B-00C04F79EFBC}") = "Sender", "Sender\Sender.csproj", "{DDFEA753-E322-4CEC-BCCF-B70ECAC8D263}"
EndProject
Project("{FAE04EC0-301F-11D3-BF4B-00C04F79EFBC}") = "Receiver", "Receiver\Receiver.csproj", "{392DD763-FE42-44CD-BA9E-7D79AFA046FC}"
EndProject
Global
	GlobalSection(SolutionConfigurationPlatforms) = preSolution
		Debug|Any CPU = Debug|Any CPU
		Release|Any CPU = Release|Any CPU
	EndGlobalSection
	GlobalSection(ProjectConfigurationPlatforms) = postSolution
		{DDFEA753-E322-4CEC-BCCF-B70ECAC8D263}.Debug|Any CPU.ActiveCfg = Debug|Any CPU
		{DDFEA753-E322-4CEC-BCCF-B70ECAC8D263}.Debug|Any CPU.Build.0 = Debug|Any CPU
		{DDFEA753-E322-4CEC-BCCF-B70ECAC8D263}.Release|Any CPU.ActiveCfg = Release|Any CPU
		{DDFEA753-E322-4CEC-BCCF-B70ECAC8D263}.Release|Any CPU.Build.0 = Release|Any CPU
		{392DD763-FE42-44CD-BA9E-7D79AFA046FC}.Debug|Any CPU.ActiveCfg = Debug|Any CPU
		{392DD763-FE42-44CD-BA9E-7D79AFA046FC}.Debug|Any CPU.Build.0 = Debug|Any CPU
		{392DD763-FE42-44CD-BA9E-7D79AFA046FC}.Release|Any CPU.ActiveCfg = Release|Any CPU
		{392DD763-FE42-44CD-BA9E-7D79AFA046FC}.Release|Any CPU.Build.0 = Release|Any CPU
	EndGlobalSection
	GlobalSection(SolutionProperties) = preSolution
		HideSolutionNode = FALSE
	EndGlobalSection
	GlobalSection(ExtensibilityGlobals) = postSolution
		SolutionGuid = {B03369DC-CC88-42BD-8B89-CA5439F58F8D}
	EndGlobalSection
EndGlobal
